
Microsoft Visual Studio Solution File, Format Version 12.00
# Visual Studio Version 17
VisualStudioVersion = 17.0.31912.275
MinimumVisualStudioVersion = 10.0.40219.1
Project("{9A19103F-16F7-4668-BE54-9A1E7A4F7556}") = "UnitTests", "UnitTests\UnitTests.csproj", "{183500BD-3E96-42A5-B18E-2623C3D58CFF}"
EndProject
Project("{9A19103F-16F7-4668-BE54-9A1E7A4F7556}") = "JokeGetterCommon", "JokeGettterCommon\JokeGetterCommon.csproj", "{C4F81DB4-4F98-48B1-8750-800B861E2BB2}"
EndProject
Project("{9A19103F-16F7-4668-BE54-9A1E7A4F7556}") = "JokeGetterCore", "JokeGettterCore\JokeGetterCore.csproj", "{E4B8D9B1-4163-463B-A22E-7088EB2EBFBE}"
EndProject
Project("{9A19103F-16F7-4668-BE54-9A1E7A4F7556}") = "JokeGetterGUI", "JokeGettterGUI\JokeGetterGUI.csproj", "{73653CF5-9DB1-4DF8-B29A-655D4EA53C5D}"
EndProject
Global
	GlobalSection(SolutionConfigurationPlatforms) = preSolution
		Debug|Any CPU = Debug|Any CPU
		Release|Any CPU = Release|Any CPU
	EndGlobalSection
	GlobalSection(ProjectConfigurationPlatforms) = postSolution
		{183500BD-3E96-42A5-B18E-2623C3D58CFF}.Debug|Any CPU.ActiveCfg = Debug|Any CPU
		{183500BD-3E96-42A5-B18E-2623C3D58CFF}.Debug|Any CPU.Build.0 = Debug|Any CPU
		{183500BD-3E96-42A5-B18E-2623C3D58CFF}.Release|Any CPU.ActiveCfg = Release|Any CPU
		{183500BD-3E96-42A5-B18E-2623C3D58CFF}.Release|Any CPU.Build.0 = Release|Any CPU
		{C4F81DB4-4F98-48B1-8750-800B861E2BB2}.Debug|Any CPU.ActiveCfg = Debug|Any CPU
		{C4F81DB4-4F98-48B1-8750-800B861E2BB2}.Debug|Any CPU.Build.0 = Debug|Any CPU
		{C4F81DB4-4F98-48B1-8750-800B861E2BB2}.Release|Any CPU.ActiveCfg = Release|Any CPU
		{C4F81DB4-4F98-48B1-8750-800B861E2BB2}.Release|Any CPU.Build.0 = Release|Any CPU
		{E4B8D9B1-4163-463B-A22E-7088EB2EBFBE}.Debug|Any CPU.ActiveCfg = Debug|Any CPU
		{E4B8D9B1-4163-463B-A22E-7088EB2EBFBE}.Debug|Any CPU.Build.0 = Debug|Any CPU
		{E4B8D9B1-4163-463B-A22E-7088EB2EBFBE}.Release|Any CPU.ActiveCfg = Release|Any CPU
		{E4B8D9B1-4163-463B-A22E-7088EB2EBFBE}.Release|Any CPU.Build.0 = Release|Any CPU
		{73653CF5-9DB1-4DF8-B29A-655D4EA53C5D}.Debug|Any CPU.ActiveCfg = Debug|Any CPU
		{73653CF5-9DB1-4DF8-B29A-655D4EA53C5D}.Debug|Any CPU.Build.0 = Debug|Any CPU
		{73653CF5-9DB1-4DF8-B29A-655D4EA53C5D}.Release|Any CPU.ActiveCfg = Release|Any CPU
		{73653CF5-9DB1-4DF8-B29A-655D4EA53C5D}.Release|Any CPU.Build.0 = Release|Any CPU
	EndGlobalSection
	GlobalSection(SolutionProperties) = preSolution
		HideSolutionNode = FALSE
	EndGlobalSection
	GlobalSection(ExtensibilityGlobals) = postSolution
		SolutionGuid = {F66C9FCF-F464-4019-A21F-B43F9643B778}
	EndGlobalSection
EndGlobal
